
Microsoft Visual Studio Solution File, Format Version 12.00
# Visual Studio Version 17
VisualStudioVersion = 17.0.31903.59
MinimumVisualStudioVersion = 10.0.40219.1
Project("{9A19103F-16F7-4668-BE54-9A1E7A4F7556}") = "Application", "Application\Application.csproj", "{45D3A7B2-B57A-4343-8F6E-32DBB6D519F7}"
EndProject
Project("{9A19103F-16F7-4668-BE54-9A1E7A4F7556}") = "PublishSubscribeTests", "PublishSubscribeTests\PublishSubscribeTests.csproj", "{87F44684-B7C3-4D0F-9E6E-316DB2FFBC37}"
EndProject
Global
	GlobalSection(SolutionConfigurationPlatforms) = preSolution
		Debug|Any CPU = Debug|Any CPU
		Release|Any CPU = Release|Any CPU
	EndGlobalSection
	GlobalSection(ProjectConfigurationPlatforms) = postSolution
		{45D3A7B2-B57A-4343-8F6E-32DBB6D519F7}.Debug|Any CPU.ActiveCfg = Debug|Any CPU
		{45D3A7B2-B57A-4343-8F6E-32DBB6D519F7}.Debug|Any CPU.Build.0 = Debug|Any CPU
		{45D3A7B2-B57A-4343-8F6E-32DBB6D519F7}.Release|Any CPU.ActiveCfg = Release|Any CPU
		{45D3A7B2-B57A-4343-8F6E-32DBB6D519F7}.Release|Any CPU.Build.0 = Release|Any CPU
		{87F44684-B7C3-4D0F-9E6E-316DB2FFBC37}.Debug|Any CPU.ActiveCfg = Debug|Any CPU
		{87F44684-B7C3-4D0F-9E6E-316DB2FFBC37}.Debug|Any CPU.Build.0 = Debug|Any CPU
		{87F44684-B7C3-4D0F-9E6E-316DB2FFBC37}.Release|Any CPU.ActiveCfg = Release|Any CPU
		{87F44684-B7C3-4D0F-9E6E-316DB2FFBC37}.Release|Any CPU.Build.0 = Release|Any CPU
	EndGlobalSection
	GlobalSection(SolutionProperties) = preSolution
		HideSolutionNode = FALSE
	EndGlobalSection
	GlobalSection(ExtensibilityGlobals) = postSolution
		SolutionGuid = {63540F48-2380-42EB-9CEC-2AE3590414C9}
	EndGlobalSection
EndGlobal
